// !$*UTF8*$!
{
	archiveVersion = 1;
	classes = {
	};
	objectVersion = 56;
	objects = {

/* Begin PBXBuildFile section */
		11ADF9D12B2BF21C0012A85A /* DetailedViewController.swift in Sources */ = {isa = PBXBuildFile; fileRef = 11ADF9D02B2BF21C0012A85A /* DetailedViewController.swift */; };
		11E0B44C2B237E0B00BEB6B0 /* AppDelegate.swift in Sources */ = {isa = PBXBuildFile; fileRef = 11E0B44B2B237E0B00BEB6B0 /* AppDelegate.swift */; };
		11E0B44E2B237E0B00BEB6B0 /* SceneDelegate.swift in Sources */ = {isa = PBXBuildFile; fileRef = 11E0B44D2B237E0B00BEB6B0 /* SceneDelegate.swift */; };
		11E0B4532B237E0B00BEB6B0 /* Main.storyboard in Resources */ = {isa = PBXBuildFile; fileRef = 11E0B4512B237E0B00BEB6B0 /* Main.storyboard */; };
		11E0B4552B237E0C00BEB6B0 /* Assets.xcassets in Resources */ = {isa = PBXBuildFile; fileRef = 11E0B4542B237E0C00BEB6B0 /* Assets.xcassets */; };
		11E0B4582B237E0C00BEB6B0 /* LaunchScreen.storyboard in Resources */ = {isa = PBXBuildFile; fileRef = 11E0B4562B237E0C00BEB6B0 /* LaunchScreen.storyboard */; };
		11E0B4632B24DC7200BEB6B0 /* FeedViewController.swift in Sources */ = {isa = PBXBuildFile; fileRef = 11E0B4622B24DC7200BEB6B0 /* FeedViewController.swift */; };
		11E0B4652B24DC8300BEB6B0 /* ProfileViewController.swift in Sources */ = {isa = PBXBuildFile; fileRef = 11E0B4642B24DC8300BEB6B0 /* ProfileViewController.swift */; };
		11E0B4692B24E1A000BEB6B0 /* LoginViewController.swift in Sources */ = {isa = PBXBuildFile; fileRef = 11E0B4682B24E1A000BEB6B0 /* LoginViewController.swift */; };
		11E0B46C2B251F3000BEB6B0 /* WelcomeViewController.swift in Sources */ = {isa = PBXBuildFile; fileRef = 11E0B46B2B251F3000BEB6B0 /* WelcomeViewController.swift */; };
		11E0B46E2B251F3E00BEB6B0 /* RegisterViewController.swift in Sources */ = {isa = PBXBuildFile; fileRef = 11E0B46D2B251F3E00BEB6B0 /* RegisterViewController.swift */; };
		11E0B4702B26841300BEB6B0 /* MainTabBarViewController.swift in Sources */ = {isa = PBXBuildFile; fileRef = 11E0B46F2B26841300BEB6B0 /* MainTabBarViewController.swift */; };
		11E0B4722B26856000BEB6B0 /* SearchViewController.swift in Sources */ = {isa = PBXBuildFile; fileRef = 11E0B4712B26856000BEB6B0 /* SearchViewController.swift */; };
		11E0B4742B2796BC00BEB6B0 /* JobPostCard.swift in Sources */ = {isa = PBXBuildFile; fileRef = 11E0B4732B2796BC00BEB6B0 /* JobPostCard.swift */; };
		11E0B4782B27D5F500BEB6B0 /* GoogleService-Info.plist in Resources */ = {isa = PBXBuildFile; fileRef = 11E0B4772B27D5F500BEB6B0 /* GoogleService-Info.plist */; };
		11E0B47A2B28001B00BEB6B0 /* Constants.swift in Sources */ = {isa = PBXBuildFile; fileRef = 11E0B4792B28001B00BEB6B0 /* Constants.swift */; };
		11E0B47D2B28DFF600BEB6B0 /* JobPostCell.swift in Sources */ = {isa = PBXBuildFile; fileRef = 11E0B47B2B28DFF600BEB6B0 /* JobPostCell.swift */; };
		11E0B47E2B28DFF600BEB6B0 /* JobPostCell.xib in Resources */ = {isa = PBXBuildFile; fileRef = 11E0B47C2B28DFF600BEB6B0 /* JobPostCell.xib */; };
		11E0B4822B29C17700BEB6B0 /* FeedPostCell.swift in Sources */ = {isa = PBXBuildFile; fileRef = 11E0B4802B29C17700BEB6B0 /* FeedPostCell.swift */; };
		11E0B4832B29C17700BEB6B0 /* FeedPostCell.xib in Resources */ = {isa = PBXBuildFile; fileRef = 11E0B4812B29C17700BEB6B0 /* FeedPostCell.xib */; };
		11E0B4852B29C37600BEB6B0 /* FeedPostCard.swift in Sources */ = {isa = PBXBuildFile; fileRef = 11E0B4842B29C37600BEB6B0 /* FeedPostCard.swift */; };
		66F133B0A9C977FE40008D1A /* Pods_Project_Diamond.framework in Frameworks */ = {isa = PBXBuildFile; fileRef = C43D80561C8575FCA69A1A13 /* Pods_Project_Diamond.framework */; };
/* End PBXBuildFile section */

/* Begin PBXFileReference section */
		11ADF9D02B2BF21C0012A85A /* DetailedViewController.swift */ = {isa = PBXFileReference; lastKnownFileType = sourcecode.swift; path = DetailedViewController.swift; sourceTree = "<group>"; };
		11E0B4482B237E0B00BEB6B0 /* Project-Diamond.app */ = {isa = PBXFileReference; explicitFileType = wrapper.application; includeInIndex = 0; path = "Project-Diamond.app"; sourceTree = BUILT_PRODUCTS_DIR; };
		11E0B44B2B237E0B00BEB6B0 /* AppDelegate.swift */ = {isa = PBXFileReference; lastKnownFileType = sourcecode.swift; path = AppDelegate.swift; sourceTree = "<group>"; };
		11E0B44D2B237E0B00BEB6B0 /* SceneDelegate.swift */ = {isa = PBXFileReference; lastKnownFileType = sourcecode.swift; path = SceneDelegate.swift; sourceTree = "<group>"; };
		11E0B4522B237E0B00BEB6B0 /* Base */ = {isa = PBXFileReference; lastKnownFileType = file.storyboard; name = Base; path = Base.lproj/Main.storyboard; sourceTree = "<group>"; };
		11E0B4542B237E0C00BEB6B0 /* Assets.xcassets */ = {isa = PBXFileReference; lastKnownFileType = folder.assetcatalog; path = Assets.xcassets; sourceTree = "<group>"; };
		11E0B4572B237E0C00BEB6B0 /* Base */ = {isa = PBXFileReference; lastKnownFileType = file.storyboard; name = Base; path = Base.lproj/LaunchScreen.storyboard; sourceTree = "<group>"; };
		11E0B4592B237E0C00BEB6B0 /* Info.plist */ = {isa = PBXFileReference; lastKnownFileType = text.plist.xml; path = Info.plist; sourceTree = "<group>"; };
		11E0B4622B24DC7200BEB6B0 /* FeedViewController.swift */ = {isa = PBXFileReference; lastKnownFileType = sourcecode.swift; path = FeedViewController.swift; sourceTree = "<group>"; };
		11E0B4642B24DC8300BEB6B0 /* ProfileViewController.swift */ = {isa = PBXFileReference; lastKnownFileType = sourcecode.swift; path = ProfileViewController.swift; sourceTree = "<group>"; };
		11E0B4682B24E1A000BEB6B0 /* LoginViewController.swift */ = {isa = PBXFileReference; lastKnownFileType = sourcecode.swift; path = LoginViewController.swift; sourceTree = "<group>"; };
		11E0B46B2B251F3000BEB6B0 /* WelcomeViewController.swift */ = {isa = PBXFileReference; lastKnownFileType = sourcecode.swift; path = WelcomeViewController.swift; sourceTree = "<group>"; };
		11E0B46D2B251F3E00BEB6B0 /* RegisterViewController.swift */ = {isa = PBXFileReference; lastKnownFileType = sourcecode.swift; path = RegisterViewController.swift; sourceTree = "<group>"; };
		11E0B46F2B26841300BEB6B0 /* MainTabBarViewController.swift */ = {isa = PBXFileReference; lastKnownFileType = sourcecode.swift; path = MainTabBarViewController.swift; sourceTree = "<group>"; };
		11E0B4712B26856000BEB6B0 /* SearchViewController.swift */ = {isa = PBXFileReference; lastKnownFileType = sourcecode.swift; path = SearchViewController.swift; sourceTree = "<group>"; };
		11E0B4732B2796BC00BEB6B0 /* JobPostCard.swift */ = {isa = PBXFileReference; lastKnownFileType = sourcecode.swift; path = JobPostCard.swift; sourceTree = "<group>"; };
		11E0B4772B27D5F500BEB6B0 /* GoogleService-Info.plist */ = {isa = PBXFileReference; fileEncoding = 4; lastKnownFileType = text.plist.xml; name = "GoogleService-Info.plist"; path = "../../../../Downloads/GoogleService-Info.plist"; sourceTree = "<group>"; };
		11E0B4792B28001B00BEB6B0 /* Constants.swift */ = {isa = PBXFileReference; lastKnownFileType = sourcecode.swift; path = Constants.swift; sourceTree = "<group>"; };
		11E0B47B2B28DFF600BEB6B0 /* JobPostCell.swift */ = {isa = PBXFileReference; lastKnownFileType = sourcecode.swift; path = JobPostCell.swift; sourceTree = "<group>"; };
		11E0B47C2B28DFF600BEB6B0 /* JobPostCell.xib */ = {isa = PBXFileReference; lastKnownFileType = file.xib; path = JobPostCell.xib; sourceTree = "<group>"; };
		11E0B4802B29C17700BEB6B0 /* FeedPostCell.swift */ = {isa = PBXFileReference; lastKnownFileType = sourcecode.swift; path = FeedPostCell.swift; sourceTree = "<group>"; };
		11E0B4812B29C17700BEB6B0 /* FeedPostCell.xib */ = {isa = PBXFileReference; lastKnownFileType = file.xib; path = FeedPostCell.xib; sourceTree = "<group>"; };
		11E0B4842B29C37600BEB6B0 /* FeedPostCard.swift */ = {isa = PBXFileReference; lastKnownFileType = sourcecode.swift; path = FeedPostCard.swift; sourceTree = "<group>"; };
		698600D26598389885A8360E /* Pods-Project-Diamond.release.xcconfig */ = {isa = PBXFileReference; includeInIndex = 1; lastKnownFileType = text.xcconfig; name = "Pods-Project-Diamond.release.xcconfig"; path = "Target Support Files/Pods-Project-Diamond/Pods-Project-Diamond.release.xcconfig"; sourceTree = "<group>"; };
		C43D80561C8575FCA69A1A13 /* Pods_Project_Diamond.framework */ = {isa = PBXFileReference; explicitFileType = wrapper.framework; includeInIndex = 0; path = Pods_Project_Diamond.framework; sourceTree = BUILT_PRODUCTS_DIR; };
		D2D72F64BB2688E6671CF396 /* Pods-Project-Diamond.debug.xcconfig */ = {isa = PBXFileReference; includeInIndex = 1; lastKnownFileType = text.xcconfig; name = "Pods-Project-Diamond.debug.xcconfig"; path = "Target Support Files/Pods-Project-Diamond/Pods-Project-Diamond.debug.xcconfig"; sourceTree = "<group>"; };
/* End PBXFileReference section */

/* Begin PBXFrameworksBuildPhase section */
		11E0B4452B237E0B00BEB6B0 /* Frameworks */ = {
			isa = PBXFrameworksBuildPhase;
			buildActionMask = 2147483647;
			files = (
				66F133B0A9C977FE40008D1A /* Pods_Project_Diamond.framework in Frameworks */,
			);
			runOnlyForDeploymentPostprocessing = 0;
		};
/* End PBXFrameworksBuildPhase section */

/* Begin PBXGroup section */
		11ADF9CD2B2BE7830012A85A /* CoreTabs */ = {
			isa = PBXGroup;
			children = (
				11E0B4622B24DC7200BEB6B0 /* FeedViewController.swift */,
				11E0B4712B26856000BEB6B0 /* SearchViewController.swift */,
				11E0B4682B24E1A000BEB6B0 /* LoginViewController.swift */,
			);
			path = CoreTabs;
			sourceTree = "<group>";
		};
		11ADF9CE2B2BE7A40012A85A /* Entrance */ = {
			isa = PBXGroup;
			children = (
				11E0B46B2B251F3000BEB6B0 /* WelcomeViewController.swift */,
				11E0B4642B24DC8300BEB6B0 /* ProfileViewController.swift */,
				11E0B46D2B251F3E00BEB6B0 /* RegisterViewController.swift */,
			);
			path = Entrance;
			sourceTree = "<group>";
		};
		11ADF9CF2B2BF1FE0012A85A /* Other */ = {
			isa = PBXGroup;
			children = (
				11ADF9D02B2BF21C0012A85A /* DetailedViewController.swift */,
			);
			path = Other;
			sourceTree = "<group>";
		};
		11E0B43F2B237E0B00BEB6B0 = {
			isa = PBXGroup;
			children = (
				11E0B44A2B237E0B00BEB6B0 /* Project-Diamond */,
				11E0B4492B237E0B00BEB6B0 /* Products */,
				8D2F141042D33AA6EDFC9A58 /* Pods */,
				522CF3539F9387B9DE1B8757 /* Frameworks */,
			);
			sourceTree = "<group>";
		};
		11E0B4492B237E0B00BEB6B0 /* Products */ = {
			isa = PBXGroup;
			children = (
				11E0B4482B237E0B00BEB6B0 /* Project-Diamond.app */,
			);
			name = Products;
			sourceTree = "<group>";
		};
		11E0B44A2B237E0B00BEB6B0 /* Project-Diamond */ = {
			isa = PBXGroup;
			children = (
				11E0B46A2B250E3400BEB6B0 /* Supporting */,
				11E0B45F2B237F5300BEB6B0 /* Models */,
				11E0B4612B237F7700BEB6B0 /* Controllers */,
				11E0B4602B237F6300BEB6B0 /* Views */,
				11E0B46F2B26841300BEB6B0 /* MainTabBarViewController.swift */,
				11E0B4592B237E0C00BEB6B0 /* Info.plist */,
				11E0B4772B27D5F500BEB6B0 /* GoogleService-Info.plist */,
				11E0B4792B28001B00BEB6B0 /* Constants.swift */,
			);
			path = "Project-Diamond";
			sourceTree = "<group>";
		};
		11E0B45F2B237F5300BEB6B0 /* Models */ = {
			isa = PBXGroup;
			children = (
				11E0B4732B2796BC00BEB6B0 /* JobPostCard.swift */,
				11E0B4842B29C37600BEB6B0 /* FeedPostCard.swift */,
			);
			path = Models;
			sourceTree = "<group>";
		};
		11E0B4602B237F6300BEB6B0 /* Views */ = {
			isa = PBXGroup;
			children = (
				11E0B4512B237E0B00BEB6B0 /* Main.storyboard */,
				11E0B47B2B28DFF600BEB6B0 /* JobPostCell.swift */,
				11E0B47C2B28DFF600BEB6B0 /* JobPostCell.xib */,
				11E0B4802B29C17700BEB6B0 /* FeedPostCell.swift */,
				11E0B4812B29C17700BEB6B0 /* FeedPostCell.xib */,
			);
			path = Views;
			sourceTree = "<group>";
		};
		11E0B4612B237F7700BEB6B0 /* Controllers */ = {
			isa = PBXGroup;
			children = (
				11ADF9CF2B2BF1FE0012A85A /* Other */,
				11ADF9CE2B2BE7A40012A85A /* Entrance */,
				11ADF9CD2B2BE7830012A85A /* CoreTabs */,
			);
			path = Controllers;
			sourceTree = "<group>";
		};
		11E0B46A2B250E3400BEB6B0 /* Supporting */ = {
			isa = PBXGroup;
			children = (
				11E0B44B2B237E0B00BEB6B0 /* AppDelegate.swift */,
				11E0B44D2B237E0B00BEB6B0 /* SceneDelegate.swift */,
				11E0B4542B237E0C00BEB6B0 /* Assets.xcassets */,
				11E0B4562B237E0C00BEB6B0 /* LaunchScreen.storyboard */,
			);
			path = Supporting;
			sourceTree = "<group>";
		};
		522CF3539F9387B9DE1B8757 /* Frameworks */ = {
			isa = PBXGroup;
			children = (
				C43D80561C8575FCA69A1A13 /* Pods_Project_Diamond.framework */,
			);
			name = Frameworks;
			sourceTree = "<group>";
		};
		8D2F141042D33AA6EDFC9A58 /* Pods */ = {
			isa = PBXGroup;
			children = (
				D2D72F64BB2688E6671CF396 /* Pods-Project-Diamond.debug.xcconfig */,
				698600D26598389885A8360E /* Pods-Project-Diamond.release.xcconfig */,
			);
			path = Pods;
			sourceTree = "<group>";
		};
/* End PBXGroup section */

/* Begin PBXNativeTarget section */
		11E0B4472B237E0B00BEB6B0 /* Project-Diamond */ = {
			isa = PBXNativeTarget;
			buildConfigurationList = 11E0B45C2B237E0C00BEB6B0 /* Build configuration list for PBXNativeTarget "Project-Diamond" */;
			buildPhases = (
				A625F2C8647B79BC6A1E69C9 /* [CP] Check Pods Manifest.lock */,
				11E0B4442B237E0B00BEB6B0 /* Sources */,
				11E0B4452B237E0B00BEB6B0 /* Frameworks */,
				11E0B4462B237E0B00BEB6B0 /* Resources */,
				17819E11C34113FE626B0503 /* [CP] Embed Pods Frameworks */,
			);
			buildRules = (
			);
			dependencies = (
			);
			name = "Project-Diamond";
			productName = "Project-Diamond";
			productReference = 11E0B4482B237E0B00BEB6B0 /* Project-Diamond.app */;
			productType = "com.apple.product-type.application";
		};
/* End PBXNativeTarget section */

/* Begin PBXProject section */
		11E0B4402B237E0B00BEB6B0 /* Project object */ = {
			isa = PBXProject;
			attributes = {
				BuildIndependentTargetsInParallel = 1;
				LastSwiftUpdateCheck = 1500;
				LastUpgradeCheck = 1500;
				TargetAttributes = {
					11E0B4472B237E0B00BEB6B0 = {
						CreatedOnToolsVersion = 15.0.1;
					};
				};
			};
			buildConfigurationList = 11E0B4432B237E0B00BEB6B0 /* Build configuration list for PBXProject "Project-Diamond" */;
			compatibilityVersion = "Xcode 14.0";
			developmentRegion = en;
			hasScannedForEncodings = 0;
			knownRegions = (
				en,
				Base,
			);
			mainGroup = 11E0B43F2B237E0B00BEB6B0;
			productRefGroup = 11E0B4492B237E0B00BEB6B0 /* Products */;
			projectDirPath = "";
			projectRoot = "";
			targets = (
				11E0B4472B237E0B00BEB6B0 /* Project-Diamond */,
			);
		};
/* End PBXProject section */

/* Begin PBXResourcesBuildPhase section */
		11E0B4462B237E0B00BEB6B0 /* Resources */ = {
			isa = PBXResourcesBuildPhase;
			buildActionMask = 2147483647;
			files = (
				11E0B4582B237E0C00BEB6B0 /* LaunchScreen.storyboard in Resources */,
				11E0B4832B29C17700BEB6B0 /* FeedPostCell.xib in Resources */,
				11E0B4782B27D5F500BEB6B0 /* GoogleService-Info.plist in Resources */,
				11E0B4552B237E0C00BEB6B0 /* Assets.xcassets in Resources */,
				11E0B47E2B28DFF600BEB6B0 /* JobPostCell.xib in Resources */,
				11E0B4532B237E0B00BEB6B0 /* Main.storyboard in Resources */,
			);
			runOnlyForDeploymentPostprocessing = 0;
		};
/* End PBXResourcesBuildPhase section */

/* Begin PBXShellScriptBuildPhase section */
		17819E11C34113FE626B0503 /* [CP] Embed Pods Frameworks */ = {
			isa = PBXShellScriptBuildPhase;
			buildActionMask = 2147483647;
			files = (
			);
			inputFileListPaths = (
				"${PODS_ROOT}/Target Support Files/Pods-Project-Diamond/Pods-Project-Diamond-frameworks-${CONFIGURATION}-input-files.xcfilelist",
			);
			name = "[CP] Embed Pods Frameworks";
			outputFileListPaths = (
				"${PODS_ROOT}/Target Support Files/Pods-Project-Diamond/Pods-Project-Diamond-frameworks-${CONFIGURATION}-output-files.xcfilelist",
			);
			runOnlyForDeploymentPostprocessing = 0;
			shellPath = /bin/sh;
			shellScript = "\"${PODS_ROOT}/Target Support Files/Pods-Project-Diamond/Pods-Project-Diamond-frameworks.sh\"\n";
			showEnvVarsInLog = 0;
		};
		A625F2C8647B79BC6A1E69C9 /* [CP] Check Pods Manifest.lock */ = {
			isa = PBXShellScriptBuildPhase;
			buildActionMask = 2147483647;
			files = (
			);
			inputFileListPaths = (
			);
			inputPaths = (
				"${PODS_PODFILE_DIR_PATH}/Podfile.lock",
				"${PODS_ROOT}/Manifest.lock",
			);
			name = "[CP] Check Pods Manifest.lock";
			outputFileListPaths = (
			);
			outputPaths = (
				"$(DERIVED_FILE_DIR)/Pods-Project-Diamond-checkManifestLockResult.txt",
			);
			runOnlyForDeploymentPostprocessing = 0;
			shellPath = /bin/sh;
			shellScript = "diff \"${PODS_PODFILE_DIR_PATH}/Podfile.lock\" \"${PODS_ROOT}/Manifest.lock\" > /dev/null\nif [ $? != 0 ] ; then\n    # print error to STDERR\n    echo \"error: The sandbox is not in sync with the Podfile.lock. Run 'pod install' or update your CocoaPods installation.\" >&2\n    exit 1\nfi\n# This output is used by Xcode 'outputs' to avoid re-running this script phase.\necho \"SUCCESS\" > \"${SCRIPT_OUTPUT_FILE_0}\"\n";
			showEnvVarsInLog = 0;
		};
/* End PBXShellScriptBuildPhase section */

/* Begin PBXSourcesBuildPhase section */
		11E0B4442B237E0B00BEB6B0 /* Sources */ = {
			isa = PBXSourcesBuildPhase;
			buildActionMask = 2147483647;
			files = (
				11E0B44C2B237E0B00BEB6B0 /* AppDelegate.swift in Sources */,
				11E0B47A2B28001B00BEB6B0 /* Constants.swift in Sources */,
				11ADF9D12B2BF21C0012A85A /* DetailedViewController.swift in Sources */,
				11E0B4742B2796BC00BEB6B0 /* JobPostCard.swift in Sources */,
				11E0B4702B26841300BEB6B0 /* MainTabBarViewController.swift in Sources */,
				11E0B4652B24DC8300BEB6B0 /* ProfileViewController.swift in Sources */,
				11E0B4722B26856000BEB6B0 /* SearchViewController.swift in Sources */,
				11E0B46E2B251F3E00BEB6B0 /* RegisterViewController.swift in Sources */,
				11E0B44E2B237E0B00BEB6B0 /* SceneDelegate.swift in Sources */,
				11E0B46C2B251F3000BEB6B0 /* WelcomeViewController.swift in Sources */,
				11E0B4852B29C37600BEB6B0 /* FeedPostCard.swift in Sources */,
				11E0B4822B29C17700BEB6B0 /* FeedPostCell.swift in Sources */,
				11E0B47D2B28DFF600BEB6B0 /* JobPostCell.swift in Sources */,
				11E0B4692B24E1A000BEB6B0 /* LoginViewController.swift in Sources */,
				11E0B4632B24DC7200BEB6B0 /* FeedViewController.swift in Sources */,
			);
			runOnlyForDeploymentPostprocessing = 0;
		};
/* End PBXSourcesBuildPhase section */

/* Begin PBXVariantGroup section */
		11E0B4512B237E0B00BEB6B0 /* Main.storyboard */ = {
			isa = PBXVariantGroup;
			children = (
				11E0B4522B237E0B00BEB6B0 /* Base */,
			);
			name = Main.storyboard;
			sourceTree = "<group>";
		};
		11E0B4562B237E0C00BEB6B0 /* LaunchScreen.storyboard */ = {
			isa = PBXVariantGroup;
			children = (
				11E0B4572B237E0C00BEB6B0 /* Base */,
			);
			name = LaunchScreen.storyboard;
			sourceTree = "<group>";
		};
/* End PBXVariantGroup section */

/* Begin XCBuildConfiguration section */
		11E0B45A2B237E0C00BEB6B0 /* Debug */ = {
			isa = XCBuildConfiguration;
			buildSettings = {
				ALWAYS_SEARCH_USER_PATHS = NO;
				ASSETCATALOG_COMPILER_GENERATE_SWIFT_ASSET_SYMBOL_EXTENSIONS = YES;
				CLANG_ANALYZER_NONNULL = YES;
				CLANG_ANALYZER_NUMBER_OBJECT_CONVERSION = YES_AGGRESSIVE;
				CLANG_CXX_LANGUAGE_STANDARD = "gnu++20";
				CLANG_ENABLE_MODULES = YES;
				CLANG_ENABLE_OBJC_ARC = YES;
				CLANG_ENABLE_OBJC_WEAK = YES;
				CLANG_WARN_BLOCK_CAPTURE_AUTORELEASING = YES;
				CLANG_WARN_BOOL_CONVERSION = YES;
				CLANG_WARN_COMMA = YES;
				CLANG_WARN_CONSTANT_CONVERSION = YES;
				CLANG_WARN_DEPRECATED_OBJC_IMPLEMENTATIONS = YES;
				CLANG_WARN_DIRECT_OBJC_ISA_USAGE = YES_ERROR;
				CLANG_WARN_DOCUMENTATION_COMMENTS = YES;
				CLANG_WARN_EMPTY_BODY = YES;
				CLANG_WARN_ENUM_CONVERSION = YES;
				CLANG_WARN_INFINITE_RECURSION = YES;
				CLANG_WARN_INT_CONVERSION = YES;
				CLANG_WARN_NON_LITERAL_NULL_CONVERSION = YES;
				CLANG_WARN_OBJC_IMPLICIT_RETAIN_SELF = YES;
				CLANG_WARN_OBJC_LITERAL_CONVERSION = YES;
				CLANG_WARN_OBJC_ROOT_CLASS = YES_ERROR;
				CLANG_WARN_QUOTED_INCLUDE_IN_FRAMEWORK_HEADER = YES;
				CLANG_WARN_RANGE_LOOP_ANALYSIS = YES;
				CLANG_WARN_STRICT_PROTOTYPES = YES;
				CLANG_WARN_SUSPICIOUS_MOVE = YES;
				CLANG_WARN_UNGUARDED_AVAILABILITY = YES_AGGRESSIVE;
				CLANG_WARN_UNREACHABLE_CODE = YES;
				CLANG_WARN__DUPLICATE_METHOD_MATCH = YES;
				COPY_PHASE_STRIP = NO;
				DEBUG_INFORMATION_FORMAT = dwarf;
				ENABLE_STRICT_OBJC_MSGSEND = YES;
				ENABLE_TESTABILITY = YES;
				ENABLE_USER_SCRIPT_SANDBOXING = NO;
				GCC_C_LANGUAGE_STANDARD = gnu17;
				GCC_DYNAMIC_NO_PIC = NO;
				GCC_NO_COMMON_BLOCKS = YES;
				GCC_OPTIMIZATION_LEVEL = 0;
				GCC_PREPROCESSOR_DEFINITIONS = (
					"DEBUG=1",
					"$(inherited)",
				);
				GCC_WARN_64_TO_32_BIT_CONVERSION = YES;
				GCC_WARN_ABOUT_RETURN_TYPE = YES_ERROR;
				GCC_WARN_UNDECLARED_SELECTOR = YES;
				GCC_WARN_UNINITIALIZED_AUTOS = YES_AGGRESSIVE;
				GCC_WARN_UNUSED_FUNCTION = YES;
				GCC_WARN_UNUSED_VARIABLE = YES;
				IPHONEOS_DEPLOYMENT_TARGET = 17.0;
				LOCALIZATION_PREFERS_STRING_CATALOGS = YES;
				MTL_ENABLE_DEBUG_INFO = INCLUDE_SOURCE;
				MTL_FAST_MATH = YES;
				ONLY_ACTIVE_ARCH = YES;
				SDKROOT = iphoneos;
				SWIFT_ACTIVE_COMPILATION_CONDITIONS = "DEBUG $(inherited)";
				SWIFT_OPTIMIZATION_LEVEL = "-Onone";
			};
			name = Debug;
		};
		11E0B45B2B237E0C00BEB6B0 /* Release */ = {
			isa = XCBuildConfiguration;
			buildSettings = {
				ALWAYS_SEARCH_USER_PATHS = NO;
				ASSETCATALOG_COMPILER_GENERATE_SWIFT_ASSET_SYMBOL_EXTENSIONS = YES;
				CLANG_ANALYZER_NONNULL = YES;
				CLANG_ANALYZER_NUMBER_OBJECT_CONVERSION = YES_AGGRESSIVE;
				CLANG_CXX_LANGUAGE_STANDARD = "gnu++20";
				CLANG_ENABLE_MODULES = YES;
				CLANG_ENABLE_OBJC_ARC = YES;
				CLANG_ENABLE_OBJC_WEAK = YES;
				CLANG_WARN_BLOCK_CAPTURE_AUTORELEASING = YES;
				CLANG_WARN_BOOL_CONVERSION = YES;
				CLANG_WARN_COMMA = YES;
				CLANG_WARN_CONSTANT_CONVERSION = YES;
				CLANG_WARN_DEPRECATED_OBJC_IMPLEMENTATIONS = YES;
				CLANG_WARN_DIRECT_OBJC_ISA_USAGE = YES_ERROR;
				CLANG_WARN_DOCUMENTATION_COMMENTS = YES;
				CLANG_WARN_EMPTY_BODY = YES;
				CLANG_WARN_ENUM_CONVERSION = YES;
				CLANG_WARN_INFINITE_RECURSION = YES;
				CLANG_WARN_INT_CONVERSION = YES;
				CLANG_WARN_NON_LITERAL_NULL_CONVERSION = YES;
				CLANG_WARN_OBJC_IMPLICIT_RETAIN_SELF = YES;
				CLANG_WARN_OBJC_LITERAL_CONVERSION = YES;
				CLANG_WARN_OBJC_ROOT_CLASS = YES_ERROR;
				CLANG_WARN_QUOTED_INCLUDE_IN_FRAMEWORK_HEADER = YES;
				CLANG_WARN_RANGE_LOOP_ANALYSIS = YES;
				CLANG_WARN_STRICT_PROTOTYPES = YES;
				CLANG_WARN_SUSPICIOUS_MOVE = YES;
				CLANG_WARN_UNGUARDED_AVAILABILITY = YES_AGGRESSIVE;
				CLANG_WARN_UNREACHABLE_CODE = YES;
				CLANG_WARN__DUPLICATE_METHOD_MATCH = YES;
				COPY_PHASE_STRIP = NO;
				DEBUG_INFORMATION_FORMAT = "dwarf-with-dsym";
				ENABLE_NS_ASSERTIONS = NO;
				ENABLE_STRICT_OBJC_MSGSEND = YES;
				ENABLE_USER_SCRIPT_SANDBOXING = NO;
				GCC_C_LANGUAGE_STANDARD = gnu17;
				GCC_NO_COMMON_BLOCKS = YES;
				GCC_WARN_64_TO_32_BIT_CONVERSION = YES;
				GCC_WARN_ABOUT_RETURN_TYPE = YES_ERROR;
				GCC_WARN_UNDECLARED_SELECTOR = YES;
				GCC_WARN_UNINITIALIZED_AUTOS = YES_AGGRESSIVE;
				GCC_WARN_UNUSED_FUNCTION = YES;
				GCC_WARN_UNUSED_VARIABLE = YES;
				IPHONEOS_DEPLOYMENT_TARGET = 17.0;
				LOCALIZATION_PREFERS_STRING_CATALOGS = YES;
				MTL_ENABLE_DEBUG_INFO = NO;
				MTL_FAST_MATH = YES;
				SDKROOT = iphoneos;
				SWIFT_COMPILATION_MODE = wholemodule;
				VALIDATE_PRODUCT = YES;
			};
			name = Release;
		};
		11E0B45D2B237E0C00BEB6B0 /* Debug */ = {
			isa = XCBuildConfiguration;
			baseConfigurationReference = D2D72F64BB2688E6671CF396 /* Pods-Project-Diamond.debug.xcconfig */;
			buildSettings = {
				ASSETCATALOG_COMPILER_APPICON_NAME = AppIcon;
				ASSETCATALOG_COMPILER_GLOBAL_ACCENT_COLOR_NAME = AccentColor;
				CODE_SIGN_STYLE = Automatic;
				CURRENT_PROJECT_VERSION = 1;
				DEVELOPMENT_TEAM = HLQL9MZSRR;
				GENERATE_INFOPLIST_FILE = YES;
				INFOPLIST_FILE = "Project-Diamond/Info.plist";
				INFOPLIST_KEY_UIApplicationSupportsIndirectInputEvents = YES;
				INFOPLIST_KEY_UILaunchStoryboardName = LaunchScreen;
				INFOPLIST_KEY_UIMainStoryboardFile = Main;
				INFOPLIST_KEY_UISupportedInterfaceOrientations = UIInterfaceOrientationPortrait;
				INFOPLIST_KEY_UISupportedInterfaceOrientations_iPad = "UIInterfaceOrientationLandscapeLeft UIInterfaceOrientationLandscapeRight UIInterfaceOrientationPortrait UIInterfaceOrientationPortraitUpsideDown";
				LD_RUNPATH_SEARCH_PATHS = (
					"$(inherited)",
					"@executable_path/Frameworks",
				);
				MARKETING_VERSION = 1.0;
				PRODUCT_BUNDLE_IDENTIFIER = "com.yafet.Project-Diamond";
				PRODUCT_NAME = "$(TARGET_NAME)";
				SWIFT_EMIT_LOC_STRINGS = YES;
				SWIFT_VERSION = 5.0;
				TARGETED_DEVICE_FAMILY = "1,2";
			};
			name = Debug;
		};
		11E0B45E2B237E0C00BEB6B0 /* Release */ = {
			isa = XCBuildConfiguration;
			baseConfigurationReference = 698600D26598389885A8360E /* Pods-Project-Diamond.release.xcconfig */;
			buildSettings = {
				ASSETCATALOG_COMPILER_APPICON_NAME = AppIcon;
				ASSETCATALOG_COMPILER_GLOBAL_ACCENT_COLOR_NAME = AccentColor;
				CODE_SIGN_STYLE = Automatic;
				CURRENT_PROJECT_VERSION = 1;
				DEVELOPMENT_TEAM = HLQL9MZSRR;
				GENERATE_INFOPLIST_FILE = YES;
				INFOPLIST_FILE = "Project-Diamond/Info.plist";
				INFOPLIST_KEY_UIApplicationSupportsIndirectInputEvents = YES;
				INFOPLIST_KEY_UILaunchStoryboardName = LaunchScreen;
				INFOPLIST_KEY_UIMainStoryboardFile = Main;
				INFOPLIST_KEY_UISupportedInterfaceOrientations = UIInterfaceOrientationPortrait;
				INFOPLIST_KEY_UISupportedInterfaceOrientations_iPad = "UIInterfaceOrientationLandscapeLeft UIInterfaceOrientationLandscapeRight UIInterfaceOrientationPortrait UIInterfaceOrientationPortraitUpsideDown";
				LD_RUNPATH_SEARCH_PATHS = (
					"$(inherited)",
					"@executable_path/Frameworks",
				);
				MARKETING_VERSION = 1.0;
				PRODUCT_BUNDLE_IDENTIFIER = "com.yafet.Project-Diamond";
				PRODUCT_NAME = "$(TARGET_NAME)";
				SWIFT_EMIT_LOC_STRINGS = YES;
				SWIFT_VERSION = 5.0;
				TARGETED_DEVICE_FAMILY = "1,2";
			};
			name = Release;
		};
/* End XCBuildConfiguration section */

/* Begin XCConfigurationList section */
		11E0B4432B237E0B00BEB6B0 /* Build configuration list for PBXProject "Project-Diamond" */ = {
			isa = XCConfigurationList;
			buildConfigurations = (
				11E0B45A2B237E0C00BEB6B0 /* Debug */,
				11E0B45B2B237E0C00BEB6B0 /* Release */,
			);
			defaultConfigurationIsVisible = 0;
			defaultConfigurationName = Release;
		};
		11E0B45C2B237E0C00BEB6B0 /* Build configuration list for PBXNativeTarget "Project-Diamond" */ = {
			isa = XCConfigurationList;
			buildConfigurations = (
				11E0B45D2B237E0C00BEB6B0 /* Debug */,
				11E0B45E2B237E0C00BEB6B0 /* Release */,
			);
			defaultConfigurationIsVisible = 0;
			defaultConfigurationName = Release;
		};
/* End XCConfigurationList section */
	};
	rootObject = 11E0B4402B237E0B00BEB6B0 /* Project object */;
}
